
Microsoft Visual Studio Solution File, Format Version 12.00
# Visual Studio Version 17
VisualStudioVersion = 17.0.31903.59
MinimumVisualStudioVersion = 10.0.40219.1
Project("{2150E333-8FDC-42A3-9474-1A3956D46DE8}") = "src", "src", "{D0BDB2AA-05BB-4C02-8951-498CA481091D}"
EndProject
Project("{FAE04EC0-301F-11D3-BF4B-00C04F79EFBC}") = "ElBruno.Speech.Abstractions", "src\ElBruno.Speech.Abstractions\ElBruno.Speech.Abstractions.csproj", "{7168E7BA-5D0E-45BB-9F09-958E46369466}"
EndProject
Project("{FAE04EC0-301F-11D3-BF4B-00C04F79EFBC}") = "ElBruno.Speech.Audio", "src\ElBruno.Speech.Audio\ElBruno.Speech.Audio.csproj", "{932A8200-B021-4E97-B92C-E179F9D3BC57}"
EndProject
Project("{FAE04EC0-301F-11D3-BF4B-00C04F79EFBC}") = "ElBruno.Speech.Vad.Silero", "src\ElBruno.Speech.Vad.Silero\ElBruno.Speech.Vad.Silero.csproj", "{D29B62A4-91E3-48AB-BA4A-EA5F9E0C4B32}"
EndProject
Project("{FAE04EC0-301F-11D3-BF4B-00C04F79EFBC}") = "ElBruno.Speech.Pipeline", "src\ElBruno.Speech.Pipeline\ElBruno.Speech.Pipeline.csproj", "{16A11DA9-7299-4C07-97C9-0058AFF6541A}"
EndProject
Project("{FAE04EC0-301F-11D3-BF4B-00C04F79EFBC}") = "ElBruno.Speech.AspNetCore", "src\ElBruno.Speech.AspNetCore\ElBruno.Speech.AspNetCore.csproj", "{F52DF8DE-8A2E-4DD9-9ECD-86C255B82FDF}"
EndProject
Project("{FAE04EC0-301F-11D3-BF4B-00C04F79EFBC}") = "ElBruno.Speech.NAudio", "src\ElBruno.Speech.NAudio\ElBruno.Speech.NAudio.csproj", "{9CED371C-0EDD-4B65-A36D-716246B82613}"
EndProject
Project("{FAE04EC0-301F-11D3-BF4B-00C04F79EFBC}") = "ElBruno.Speech.OpenTelemetry", "src\ElBruno.Speech.OpenTelemetry\ElBruno.Speech.OpenTelemetry.csproj", "{DF7139BA-8707-4C17-AED2-7764B34A489B}"
EndProject
Project("{FAE04EC0-301F-11D3-BF4B-00C04F79EFBC}") = "ElBruno.Speech.Cli", "src\ElBruno.Speech.Cli\ElBruno.Speech.Cli.csproj", "{68607AD3-BB84-448D-989B-42786C555C90}"
EndProject
Project("{2150E333-8FDC-42A3-9474-1A3956D46DE8}") = "samples", "samples", "{2A9C1A32-8681-401E-B0AE-8E86D098FA15}"
EndProject
Project("{FAE04EC0-301F-11D3-BF4B-00C04F79EFBC}") = "FileToSpeech", "src\samples\FileToSpeech\FileToSpeech.csproj", "{83468F17-D7C1-4A83-8EEE-2F6FBD25D7CE}"
EndProject
Project("{FAE04EC0-301F-11D3-BF4B-00C04F79EFBC}") = "LocalVoiceAgent", "src\samples\LocalVoiceAgent\LocalVoiceAgent.csproj", "{D395BE23-4DBA-43D0-AC6A-CFC09D5715A2}"
EndProject
Project("{FAE04EC0-301F-11D3-BF4B-00C04F79EFBC}") = "WebSocketVoiceAgent", "src\samples\WebSocketVoiceAgent\WebSocketVoiceAgent.csproj", "{9EA80A5F-4F2F-4A34-ADBA-46877C6B142D}"
EndProject
Project("{FAE04EC0-301F-11D3-BF4B-00C04F79EFBC}") = "AspireVoiceAgent", "src\samples\AspireVoiceAgent\AspireVoiceAgent.csproj", "{1DC6374D-779F-42DA-A8DE-37D75AB4A1F0}"
EndProject
Project("{2150E333-8FDC-42A3-9474-1A3956D46DE8}") = "tests", "tests", "{A825FC0C-2942-4C9A-9819-B2970F7EB71E}"
EndProject
Project("{FAE04EC0-301F-11D3-BF4B-00C04F79EFBC}") = "ElBruno.Speech.TestUtils", "tests\ElBruno.Speech.TestUtils\ElBruno.Speech.TestUtils.csproj", "{A13DFDA9-5B62-4EBA-9C82-BE4E41A33EB6}"
EndProject
Project("{FAE04EC0-301F-11D3-BF4B-00C04F79EFBC}") = "ElBruno.Speech.Audio.Tests", "tests\ElBruno.Speech.Audio.Tests\ElBruno.Speech.Audio.Tests.csproj", "{DC363861-EC9C-4673-B040-647932A5A660}"
EndProject
Project("{FAE04EC0-301F-11D3-BF4B-00C04F79EFBC}") = "ElBruno.Speech.Vad.Silero.Tests", "tests\ElBruno.Speech.Vad.Silero.Tests\ElBruno.Speech.Vad.Silero.Tests.csproj", "{ABD52C5C-F120-415C-BBEB-5357017BC1C8}"
EndProject
Project("{FAE04EC0-301F-11D3-BF4B-00C04F79EFBC}") = "ElBruno.Speech.Pipeline.Tests", "tests\ElBruno.Speech.Pipeline.Tests\ElBruno.Speech.Pipeline.Tests.csproj", "{1D803CD2-FDFA-46F5-8189-429E853EA542}"
EndProject
Project("{FAE04EC0-301F-11D3-BF4B-00C04F79EFBC}") = "ElBruno.Speech.AspNetCore.Tests", "tests\ElBruno.Speech.AspNetCore.Tests\ElBruno.Speech.AspNetCore.Tests.csproj", "{798E0A60-D121-4840-9A86-9D1826AD00F9}"
EndProject
Project("{FAE04EC0-301F-11D3-BF4B-00C04F79EFBC}") = "ElBruno.Speech.Conformance.Tests", "tests\ElBruno.Speech.Conformance.Tests\ElBruno.Speech.Conformance.Tests.csproj", "{462D08B7-D2A1-4190-8401-530557C1BAE1}"
EndProject
Project("{FAE04EC0-301F-11D3-BF4B-00C04F79EFBC}") = "ElBruno.Speech.IntegrationTests", "tests\ElBruno.Speech.IntegrationTests\ElBruno.Speech.IntegrationTests.csproj", "{A8EFA4D6-F9C3-4044-945F-150511C17534}"
EndProject
Project("{2150E333-8FDC-42A3-9474-1A3956D46DE8}") = "benchmarks", "benchmarks", "{7E822D30-2886-4819-9373-8FC485639DCF}"
EndProject
Project("{FAE04EC0-301F-11D3-BF4B-00C04F79EFBC}") = "ElBruno.Speech.Benchmarks", "benchmarks\ElBruno.Speech.Benchmarks\ElBruno.Speech.Benchmarks.csproj", "{3950CDD9-B68C-4542-9F3E-349F7BC43FF3}"
EndProject
Global
	GlobalSection(SolutionConfigurationPlatforms) = preSolution
		Debug|Any CPU = Debug|Any CPU
		Release|Any CPU = Release|Any CPU
	EndGlobalSection
	GlobalSection(SolutionProperties) = preSolution
		HideSolutionNode = FALSE
	EndGlobalSection
	GlobalSection(ProjectConfigurationPlatforms) = postSolution
		{7168E7BA-5D0E-45BB-9F09-958E46369466}.Debug|Any CPU.ActiveCfg = Debug|Any CPU
		{7168E7BA-5D0E-45BB-9F09-958E46369466}.Debug|Any CPU.Build.0 = Debug|Any CPU
		{7168E7BA-5D0E-45BB-9F09-958E46369466}.Release|Any CPU.ActiveCfg = Release|Any CPU
		{7168E7BA-5D0E-45BB-9F09-958E46369466}.Release|Any CPU.Build.0 = Release|Any CPU
		{932A8200-B021-4E97-B92C-E179F9D3BC57}.Debug|Any CPU.ActiveCfg = Debug|Any CPU
		{932A8200-B021-4E97-B92C-E179F9D3BC57}.Debug|Any CPU.Build.0 = Debug|Any CPU
		{932A8200-B021-4E97-B92C-E179F9D3BC57}.Release|Any CPU.ActiveCfg = Release|Any CPU
		{932A8200-B021-4E97-B92C-E179F9D3BC57}.Release|Any CPU.Build.0 = Release|Any CPU
		{D29B62A4-91E3-48AB-BA4A-EA5F9E0C4B32}.Debug|Any CPU.ActiveCfg = Debug|Any CPU
		{D29B62A4-91E3-48AB-BA4A-EA5F9E0C4B32}.Debug|Any CPU.Build.0 = Debug|Any CPU
		{D29B62A4-91E3-48AB-BA4A-EA5F9E0C4B32}.Release|Any CPU.ActiveCfg = Release|Any CPU
		{D29B62A4-91E3-48AB-BA4A-EA5F9E0C4B32}.Release|Any CPU.Build.0 = Release|Any CPU
		{16A11DA9-7299-4C07-97C9-0058AFF6541A}.Debug|Any CPU.ActiveCfg = Debug|Any CPU
		{16A11DA9-7299-4C07-97C9-0058AFF6541A}.Debug|Any CPU.Build.0 = Debug|Any CPU
		{16A11DA9-7299-4C07-97C9-0058AFF6541A}.Release|Any CPU.ActiveCfg = Release|Any CPU
		{16A11DA9-7299-4C07-97C9-0058AFF6541A}.Release|Any CPU.Build.0 = Release|Any CPU
		{F52DF8DE-8A2E-4DD9-9ECD-86C255B82FDF}.Debug|Any CPU.ActiveCfg = Debug|Any CPU
		{F52DF8DE-8A2E-4DD9-9ECD-86C255B82FDF}.Debug|Any CPU.Build.0 = Debug|Any CPU
		{F52DF8DE-8A2E-4DD9-9ECD-86C255B82FDF}.Release|Any CPU.ActiveCfg = Release|Any CPU
		{F52DF8DE-8A2E-4DD9-9ECD-86C255B82FDF}.Release|Any CPU.Build.0 = Release|Any CPU
		{9CED371C-0EDD-4B65-A36D-716246B82613}.Debug|Any CPU.ActiveCfg = Debug|Any CPU
		{9CED371C-0EDD-4B65-A36D-716246B82613}.Debug|Any CPU.Build.0 = Debug|Any CPU
		{9CED371C-0EDD-4B65-A36D-716246B82613}.Release|Any CPU.ActiveCfg = Release|Any CPU
		{9CED371C-0EDD-4B65-A36D-716246B82613}.Release|Any CPU.Build.0 = Release|Any CPU
		{DF7139BA-8707-4C17-AED2-7764B34A489B}.Debug|Any CPU.ActiveCfg = Debug|Any CPU
		{DF7139BA-8707-4C17-AED2-7764B34A489B}.Debug|Any CPU.Build.0 = Debug|Any CPU
		{DF7139BA-8707-4C17-AED2-7764B34A489B}.Release|Any CPU.ActiveCfg = Release|Any CPU
		{DF7139BA-8707-4C17-AED2-7764B34A489B}.Release|Any CPU.Build.0 = Release|Any CPU
		{68607AD3-BB84-448D-989B-42786C555C90}.Debug|Any CPU.ActiveCfg = Debug|Any CPU
		{68607AD3-BB84-448D-989B-42786C555C90}.Debug|Any CPU.Build.0 = Debug|Any CPU
		{68607AD3-BB84-448D-989B-42786C555C90}.Release|Any CPU.ActiveCfg = Release|Any CPU
		{68607AD3-BB84-448D-989B-42786C555C90}.Release|Any CPU.Build.0 = Release|Any CPU
		{83468F17-D7C1-4A83-8EEE-2F6FBD25D7CE}.Debug|Any CPU.ActiveCfg = Debug|Any CPU
		{83468F17-D7C1-4A83-8EEE-2F6FBD25D7CE}.Debug|Any CPU.Build.0 = Debug|Any CPU
		{83468F17-D7C1-4A83-8EEE-2F6FBD25D7CE}.Release|Any CPU.ActiveCfg = Release|Any CPU
		{83468F17-D7C1-4A83-8EEE-2F6FBD25D7CE}.Release|Any CPU.Build.0 = Release|Any CPU
		{D395BE23-4DBA-43D0-AC6A-CFC09D5715A2}.Debug|Any CPU.ActiveCfg = Debug|Any CPU
		{D395BE23-4DBA-43D0-AC6A-CFC09D5715A2}.Debug|Any CPU.Build.0 = Debug|Any CPU
		{D395BE23-4DBA-43D0-AC6A-CFC09D5715A2}.Release|Any CPU.ActiveCfg = Release|Any CPU
		{D395BE23-4DBA-43D0-AC6A-CFC09D5715A2}.Release|Any CPU.Build.0 = Release|Any CPU
		{9EA80A5F-4F2F-4A34-ADBA-46877C6B142D}.Debug|Any CPU.ActiveCfg = Debug|Any CPU
		{9EA80A5F-4F2F-4A34-ADBA-46877C6B142D}.Debug|Any CPU.Build.0 = Debug|Any CPU
		{9EA80A5F-4F2F-4A34-ADBA-46877C6B142D}.Release|Any CPU.ActiveCfg = Release|Any CPU
		{9EA80A5F-4F2F-4A34-ADBA-46877C6B142D}.Release|Any CPU.Build.0 = Release|Any CPU
		{1DC6374D-779F-42DA-A8DE-37D75AB4A1F0}.Debug|Any CPU.ActiveCfg = Debug|Any CPU
		{1DC6374D-779F-42DA-A8DE-37D75AB4A1F0}.Debug|Any CPU.Build.0 = Debug|Any CPU
		{1DC6374D-779F-42DA-A8DE-37D75AB4A1F0}.Release|Any CPU.ActiveCfg = Release|Any CPU
		{1DC6374D-779F-42DA-A8DE-37D75AB4A1F0}.Release|Any CPU.Build.0 = Release|Any CPU
		{A13DFDA9-5B62-4EBA-9C82-BE4E41A33EB6}.Debug|Any CPU.ActiveCfg = Debug|Any CPU
		{A13DFDA9-5B62-4EBA-9C82-BE4E41A33EB6}.Debug|Any CPU.Build.0 = Debug|Any CPU
		{A13DFDA9-5B62-4EBA-9C82-BE4E41A33EB6}.Release|Any CPU.ActiveCfg = Release|Any CPU
		{A13DFDA9-5B62-4EBA-9C82-BE4E41A33EB6}.Release|Any CPU.Build.0 = Release|Any CPU
		{DC363861-EC9C-4673-B040-647932A5A660}.Debug|Any CPU.ActiveCfg = Debug|Any CPU
		{DC363861-EC9C-4673-B040-647932A5A660}.Debug|Any CPU.Build.0 = Debug|Any CPU
		{DC363861-EC9C-4673-B040-647932A5A660}.Release|Any CPU.ActiveCfg = Release|Any CPU
		{DC363861-EC9C-4673-B040-647932A5A660}.Release|Any CPU.Build.0 = Release|Any CPU
		{ABD52C5C-F120-415C-BBEB-5357017BC1C8}.Debug|Any CPU.ActiveCfg = Debug|Any CPU
		{ABD52C5C-F120-415C-BBEB-5357017BC1C8}.Debug|Any CPU.Build.0 = Debug|Any CPU
		{ABD52C5C-F120-415C-BBEB-5357017BC1C8}.Release|Any CPU.ActiveCfg = Release|Any CPU
		{ABD52C5C-F120-415C-BBEB-5357017BC1C8}.Release|Any CPU.Build.0 = Release|Any CPU
		{1D803CD2-FDFA-46F5-8189-429E853EA542}.Debug|Any CPU.ActiveCfg = Debug|Any CPU
		{1D803CD2-FDFA-46F5-8189-429E853EA542}.Debug|Any CPU.Build.0 = Debug|Any CPU
		{1D803CD2-FDFA-46F5-8189-429E853EA542}.Release|Any CPU.ActiveCfg = Release|Any CPU
		{1D803CD2-FDFA-46F5-8189-429E853EA542}.Release|Any CPU.Build.0 = Release|Any CPU
		{798E0A60-D121-4840-9A86-9D1826AD00F9}.Debug|Any CPU.ActiveCfg = Debug|Any CPU
		{798E0A60-D121-4840-9A86-9D1826AD00F9}.Debug|Any CPU.Build.0 = Debug|Any CPU
		{798E0A60-D121-4840-9A86-9D1826AD00F9}.Release|Any CPU.ActiveCfg = Release|Any CPU
		{798E0A60-D121-4840-9A86-9D1826AD00F9}.Release|Any CPU.Build.0 = Release|Any CPU
		{462D08B7-D2A1-4190-8401-530557C1BAE1}.Debug|Any CPU.ActiveCfg = Debug|Any CPU
		{462D08B7-D2A1-4190-8401-530557C1BAE1}.Debug|Any CPU.Build.0 = Debug|Any CPU
		{462D08B7-D2A1-4190-8401-530557C1BAE1}.Release|Any CPU.ActiveCfg = Release|Any CPU
		{462D08B7-D2A1-4190-8401-530557C1BAE1}.Release|Any CPU.Build.0 = Release|Any CPU
		{A8EFA4D6-F9C3-4044-945F-150511C17534}.Debug|Any CPU.ActiveCfg = Debug|Any CPU
		{A8EFA4D6-F9C3-4044-945F-150511C17534}.Debug|Any CPU.Build.0 = Debug|Any CPU
		{A8EFA4D6-F9C3-4044-945F-150511C17534}.Release|Any CPU.ActiveCfg = Release|Any CPU
		{A8EFA4D6-F9C3-4044-945F-150511C17534}.Release|Any CPU.Build.0 = Release|Any CPU
		{3950CDD9-B68C-4542-9F3E-349F7BC43FF3}.Debug|Any CPU.ActiveCfg = Debug|Any CPU
		{3950CDD9-B68C-4542-9F3E-349F7BC43FF3}.Debug|Any CPU.Build.0 = Debug|Any CPU
		{3950CDD9-B68C-4542-9F3E-349F7BC43FF3}.Release|Any CPU.ActiveCfg = Release|Any CPU
		{3950CDD9-B68C-4542-9F3E-349F7BC43FF3}.Release|Any CPU.Build.0 = Release|Any CPU
	EndGlobalSection
	GlobalSection(NestedProjects) = preSolution
		{7168E7BA-5D0E-45BB-9F09-958E46369466} = {D0BDB2AA-05BB-4C02-8951-498CA481091D}
		{932A8200-B021-4E97-B92C-E179F9D3BC57} = {D0BDB2AA-05BB-4C02-8951-498CA481091D}
		{D29B62A4-91E3-48AB-BA4A-EA5F9E0C4B32} = {D0BDB2AA-05BB-4C02-8951-498CA481091D}
		{16A11DA9-7299-4C07-97C9-0058AFF6541A} = {D0BDB2AA-05BB-4C02-8951-498CA481091D}
		{F52DF8DE-8A2E-4DD9-9ECD-86C255B82FDF} = {D0BDB2AA-05BB-4C02-8951-498CA481091D}
		{9CED371C-0EDD-4B65-A36D-716246B82613} = {D0BDB2AA-05BB-4C02-8951-498CA481091D}
		{DF7139BA-8707-4C17-AED2-7764B34A489B} = {D0BDB2AA-05BB-4C02-8951-498CA481091D}
		{68607AD3-BB84-448D-989B-42786C555C90} = {D0BDB2AA-05BB-4C02-8951-498CA481091D}
		{2A9C1A32-8681-401E-B0AE-8E86D098FA15} = {D0BDB2AA-05BB-4C02-8951-498CA481091D}
		{83468F17-D7C1-4A83-8EEE-2F6FBD25D7CE} = {2A9C1A32-8681-401E-B0AE-8E86D098FA15}
		{D395BE23-4DBA-43D0-AC6A-CFC09D5715A2} = {2A9C1A32-8681-401E-B0AE-8E86D098FA15}
		{9EA80A5F-4F2F-4A34-ADBA-46877C6B142D} = {2A9C1A32-8681-401E-B0AE-8E86D098FA15}
		{1DC6374D-779F-42DA-A8DE-37D75AB4A1F0} = {2A9C1A32-8681-401E-B0AE-8E86D098FA15}
		{A13DFDA9-5B62-4EBA-9C82-BE4E41A33EB6} = {A825FC0C-2942-4C9A-9819-B2970F7EB71E}
		{DC363861-EC9C-4673-B040-647932A5A660} = {A825FC0C-2942-4C9A-9819-B2970F7EB71E}
		{ABD52C5C-F120-415C-BBEB-5357017BC1C8} = {A825FC0C-2942-4C9A-9819-B2970F7EB71E}
		{1D803CD2-FDFA-46F5-8189-429E853EA542} = {A825FC0C-2942-4C9A-9819-B2970F7EB71E}
		{798E0A60-D121-4840-9A86-9D1826AD00F9} = {A825FC0C-2942-4C9A-9819-B2970F7EB71E}
		{462D08B7-D2A1-4190-8401-530557C1BAE1} = {A825FC0C-2942-4C9A-9819-B2970F7EB71E}
		{A8EFA4D6-F9C3-4044-945F-150511C17534} = {A825FC0C-2942-4C9A-9819-B2970F7EB71E}
		{3950CDD9-B68C-4542-9F3E-349F7BC43FF3} = {7E822D30-2886-4819-9373-8FC485639DCF}
	EndGlobalSection
EndGlobal
